// !$*UTF8*$!
{
	archiveVersion = 1;
	classes = {
	};
	objectVersion = 46;
	objects = {

/* Begin PBXBuildFile section */
		B21204621A48A552005C5D72 /* main.m in Sources */ = {isa = PBXBuildFile; fileRef = B21204611A48A552005C5D72 /* main.m */; };
		B21204651A48A552005C5D72 /* AppDelegate.m in Sources */ = {isa = PBXBuildFile; fileRef = B21204641A48A552005C5D72 /* AppDelegate.m */; };
		B212046D1A48A552005C5D72 /* Images.xcassets in Resources */ = {isa = PBXBuildFile; fileRef = B212046C1A48A552005C5D72 /* Images.xcassets */; };
		B21204701A48A552005C5D72 /* LaunchScreen.xib in Resources */ = {isa = PBXBuildFile; fileRef = B212046E1A48A552005C5D72 /* LaunchScreen.xib */; };
		B212047C1A48A552005C5D72 /* SpyWordsTests.m in Sources */ = {isa = PBXBuildFile; fileRef = B212047B1A48A552005C5D72 /* SpyWordsTests.m */; };
		B21204871A48A67A005C5D72 /* Player.m in Sources */ = {isa = PBXBuildFile; fileRef = B21204861A48A67A005C5D72 /* Player.m */; };
		B212048A1A48BD47005C5D72 /* GameViewController.m in Sources */ = {isa = PBXBuildFile; fileRef = B21204891A48BD47005C5D72 /* GameViewController.m */; };
		B21204931A48BE8B005C5D72 /* PlayerView.m in Sources */ = {isa = PBXBuildFile; fileRef = B21204921A48BE8B005C5D72 /* PlayerView.m */; };
		B21204951A48DA35005C5D72 /* PlayerView.xib in Resources */ = {isa = PBXBuildFile; fileRef = B21204941A48DA35005C5D72 /* PlayerView.xib */; };
		B21204971A48DB8C005C5D72 /* placeholder.png in Resources */ = {isa = PBXBuildFile; fileRef = B21204961A48DB8C005C5D72 /* placeholder.png */; };
		B21204A01A4CCF8D005C5D72 /* spy.jpg in Resources */ = {isa = PBXBuildFile; fileRef = B212049F1A4CCF8D005C5D72 /* spy.jpg */; };
		B21204A31A4CCFE7005C5D72 /* PlayerCardBackView.m in Sources */ = {isa = PBXBuildFile; fileRef = B21204A21A4CCFE7005C5D72 /* PlayerCardBackView.m */; };
		B21204A51A4CD0F0005C5D72 /* PlayerCardBackView.xib in Resources */ = {isa = PBXBuildFile; fileRef = B21204A41A4CD0F0005C5D72 /* PlayerCardBackView.xib */; };
		B21204A71A4CD807005C5D72 /* innocent.png in Resources */ = {isa = PBXBuildFile; fileRef = B21204A61A4CD807005C5D72 /* innocent.png */; };
		B21204AA1A4D4D90005C5D72 /* SetupViewController.m in Sources */ = {isa = PBXBuildFile; fileRef = B21204A91A4D4D90005C5D72 /* SetupViewController.m */; };
		B21204B11A4D510A005C5D72 /* StackedDeckLayout.m in Sources */ = {isa = PBXBuildFile; fileRef = B21204B01A4D510A005C5D72 /* StackedDeckLayout.m */; };
		B21204B41A4D519C005C5D72 /* PlayerWordView.m in Sources */ = {isa = PBXBuildFile; fileRef = B21204B31A4D519C005C5D72 /* PlayerWordView.m */; };
		B21204B61A4D51B8005C5D72 /* PlayerWordBackView.xib in Resources */ = {isa = PBXBuildFile; fileRef = B21204B51A4D51B8005C5D72 /* PlayerWordBackView.xib */; };
		B21204B81A4D5604005C5D72 /* bg.jpg in Resources */ = {isa = PBXBuildFile; fileRef = B21204B71A4D5604005C5D72 /* bg.jpg */; };
		B21204BB1A4D5652005C5D72 /* PlayerWordBackView.m in Sources */ = {isa = PBXBuildFile; fileRef = B21204BA1A4D5652005C5D72 /* PlayerWordBackView.m */; };
		B21204BE1A4D5BB4005C5D72 /* PlayerWordFrontView.m in Sources */ = {isa = PBXBuildFile; fileRef = B21204BD1A4D5BB4005C5D72 /* PlayerWordFrontView.m */; };
/* End PBXBuildFile section */

/* Begin PBXContainerItemProxy section */
		B21204761A48A552005C5D72 /* PBXContainerItemProxy */ = {
			isa = PBXContainerItemProxy;
			containerPortal = B21204541A48A552005C5D72 /* Project object */;
			proxyType = 1;
			remoteGlobalIDString = B212045B1A48A552005C5D72;
			remoteInfo = SpyWords;
		};
/* End PBXContainerItemProxy section */

/* Begin PBXFileReference section */
		B212045C1A48A552005C5D72 /* SpyWords.app */ = {isa = PBXFileReference; explicitFileType = wrapper.application; includeInIndex = 0; path = SpyWords.app; sourceTree = BUILT_PRODUCTS_DIR; };
		B21204601A48A552005C5D72 /* Info.plist */ = {isa = PBXFileReference; lastKnownFileType = text.plist.xml; path = Info.plist; sourceTree = "<group>"; };
		B21204611A48A552005C5D72 /* main.m */ = {isa = PBXFileReference; lastKnownFileType = sourcecode.c.objc; path = main.m; sourceTree = "<group>"; };
		B21204631A48A552005C5D72 /* AppDelegate.h */ = {isa = PBXFileReference; lastKnownFileType = sourcecode.c.h; path = AppDelegate.h; sourceTree = "<group>"; };
		B21204641A48A552005C5D72 /* AppDelegate.m */ = {isa = PBXFileReference; lastKnownFileType = sourcecode.c.objc; path = AppDelegate.m; sourceTree = "<group>"; };
		B212046C1A48A552005C5D72 /* Images.xcassets */ = {isa = PBXFileReference; lastKnownFileType = folder.assetcatalog; path = Images.xcassets; sourceTree = "<group>"; };
		B212046F1A48A552005C5D72 /* Base */ = {isa = PBXFileReference; lastKnownFileType = file.xib; name = Base; path = Base.lproj/LaunchScreen.xib; sourceTree = "<group>"; };
		B21204751A48A552005C5D72 /* SpyWordsTests.xctest */ = {isa = PBXFileReference; explicitFileType = wrapper.cfbundle; includeInIndex = 0; path = SpyWordsTests.xctest; sourceTree = BUILT_PRODUCTS_DIR; };
		B212047A1A48A552005C5D72 /* Info.plist */ = {isa = PBXFileReference; lastKnownFileType = text.plist.xml; path = Info.plist; sourceTree = "<group>"; };
		B212047B1A48A552005C5D72 /* SpyWordsTests.m */ = {isa = PBXFileReference; lastKnownFileType = sourcecode.c.objc; path = SpyWordsTests.m; sourceTree = "<group>"; };
		B21204851A48A67A005C5D72 /* Player.h */ = {isa = PBXFileReference; fileEncoding = 4; lastKnownFileType = sourcecode.c.h; path = Player.h; sourceTree = "<group>"; };
		B21204861A48A67A005C5D72 /* Player.m */ = {isa = PBXFileReference; fileEncoding = 4; lastKnownFileType = sourcecode.c.objc; path = Player.m; sourceTree = "<group>"; };
		B21204881A48BD47005C5D72 /* GameViewController.h */ = {isa = PBXFileReference; fileEncoding = 4; lastKnownFileType = sourcecode.c.h; path = GameViewController.h; sourceTree = "<group>"; };
		B21204891A48BD47005C5D72 /* GameViewController.m */ = {isa = PBXFileReference; fileEncoding = 4; lastKnownFileType = sourcecode.c.objc; path = GameViewController.m; sourceTree = "<group>"; };
		B21204911A48BE8B005C5D72 /* PlayerView.h */ = {isa = PBXFileReference; fileEncoding = 4; lastKnownFileType = sourcecode.c.h; path = PlayerView.h; sourceTree = "<group>"; };
		B21204921A48BE8B005C5D72 /* PlayerView.m */ = {isa = PBXFileReference; fileEncoding = 4; lastKnownFileType = sourcecode.c.objc; path = PlayerView.m; sourceTree = "<group>"; };
		B21204941A48DA35005C5D72 /* PlayerView.xib */ = {isa = PBXFileReference; fileEncoding = 4; lastKnownFileType = file.xib; path = PlayerView.xib; sourceTree = "<group>"; };
		B21204961A48DB8C005C5D72 /* placeholder.png */ = {isa = PBXFileReference; lastKnownFileType = image.png; path = placeholder.png; sourceTree = "<group>"; };
		B212049F1A4CCF8D005C5D72 /* spy.jpg */ = {isa = PBXFileReference; lastKnownFileType = image.jpeg; path = spy.jpg; sourceTree = "<group>"; };
		B21204A11A4CCFE7005C5D72 /* PlayerCardBackView.h */ = {isa = PBXFileReference; fileEncoding = 4; lastKnownFileType = sourcecode.c.h; path = PlayerCardBackView.h; sourceTree = "<group>"; };
		B21204A21A4CCFE7005C5D72 /* PlayerCardBackView.m */ = {isa = PBXFileReference; fileEncoding = 4; lastKnownFileType = sourcecode.c.objc; path = PlayerCardBackView.m; sourceTree = "<group>"; };
		B21204A41A4CD0F0005C5D72 /* PlayerCardBackView.xib */ = {isa = PBXFileReference; fileEncoding = 4; lastKnownFileType = file.xib; path = PlayerCardBackView.xib; sourceTree = "<group>"; };
		B21204A61A4CD807005C5D72 /* innocent.png */ = {isa = PBXFileReference; lastKnownFileType = image.png; path = innocent.png; sourceTree = "<group>"; };
		B21204A81A4D4D90005C5D72 /* SetupViewController.h */ = {isa = PBXFileReference; fileEncoding = 4; lastKnownFileType = sourcecode.c.h; path = SetupViewController.h; sourceTree = "<group>"; };
		B21204A91A4D4D90005C5D72 /* SetupViewController.m */ = {isa = PBXFileReference; fileEncoding = 4; lastKnownFileType = sourcecode.c.objc; path = SetupViewController.m; sourceTree = "<group>"; };
		B21204AF1A4D510A005C5D72 /* StackedDeckLayout.h */ = {isa = PBXFileReference; fileEncoding = 4; lastKnownFileType = sourcecode.c.h; path = StackedDeckLayout.h; sourceTree = "<group>"; };
		B21204B01A4D510A005C5D72 /* StackedDeckLayout.m */ = {isa = PBXFileReference; fileEncoding = 4; lastKnownFileType = sourcecode.c.objc; path = StackedDeckLayout.m; sourceTree = "<group>"; };
		B21204B21A4D519C005C5D72 /* PlayerWordView.h */ = {isa = PBXFileReference; fileEncoding = 4; lastKnownFileType = sourcecode.c.h; path = PlayerWordView.h; sourceTree = "<group>"; };
		B21204B31A4D519C005C5D72 /* PlayerWordView.m */ = {isa = PBXFileReference; fileEncoding = 4; lastKnownFileType = sourcecode.c.objc; path = PlayerWordView.m; sourceTree = "<group>"; };
		B21204B51A4D51B8005C5D72 /* PlayerWordBackView.xib */ = {isa = PBXFileReference; fileEncoding = 4; lastKnownFileType = file.xib; path = PlayerWordBackView.xib; sourceTree = "<group>"; };
		B21204B71A4D5604005C5D72 /* bg.jpg */ = {isa = PBXFileReference; lastKnownFileType = image.jpeg; path = bg.jpg; sourceTree = "<group>"; };
		B21204B91A4D5652005C5D72 /* PlayerWordBackView.h */ = {isa = PBXFileReference; fileEncoding = 4; lastKnownFileType = sourcecode.c.h; path = PlayerWordBackView.h; sourceTree = "<group>"; };
		B21204BA1A4D5652005C5D72 /* PlayerWordBackView.m */ = {isa = PBXFileReference; fileEncoding = 4; lastKnownFileType = sourcecode.c.objc; path = PlayerWordBackView.m; sourceTree = "<group>"; };
		B21204BC1A4D5BB4005C5D72 /* PlayerWordFrontView.h */ = {isa = PBXFileReference; fileEncoding = 4; lastKnownFileType = sourcecode.c.h; path = PlayerWordFrontView.h; sourceTree = "<group>"; };
		B21204BD1A4D5BB4005C5D72 /* PlayerWordFrontView.m */ = {isa = PBXFileReference; fileEncoding = 4; lastKnownFileType = sourcecode.c.objc; path = PlayerWordFrontView.m; sourceTree = "<group>"; };
/* End PBXFileReference section */

/* Begin PBXFrameworksBuildPhase section */
		B21204591A48A552005C5D72 /* Frameworks */ = {
			isa = PBXFrameworksBuildPhase;
			buildActionMask = 2147483647;
			files = (
			);
			runOnlyForDeploymentPostprocessing = 0;
		};
		B21204721A48A552005C5D72 /* Frameworks */ = {
			isa = PBXFrameworksBuildPhase;
			buildActionMask = 2147483647;
			files = (
			);
			runOnlyForDeploymentPostprocessing = 0;
		};
/* End PBXFrameworksBuildPhase section */

/* Begin PBXGroup section */
		B21204531A48A552005C5D72 = {
			isa = PBXGroup;
			children = (
				B212045E1A48A552005C5D72 /* SpyWords */,
				B21204781A48A552005C5D72 /* SpyWordsTests */,
				B212045D1A48A552005C5D72 /* Products */,
			);
			sourceTree = "<group>";
		};
		B212045D1A48A552005C5D72 /* Products */ = {
			isa = PBXGroup;
			children = (
				B212045C1A48A552005C5D72 /* SpyWords.app */,
				B21204751A48A552005C5D72 /* SpyWordsTests.xctest */,
			);
			name = Products;
			sourceTree = "<group>";
		};
		B212045E1A48A552005C5D72 /* SpyWords */ = {
			isa = PBXGroup;
			children = (
				B21204AE1A4D50F5005C5D72 /* Layout */,
				B21204AD1A4D4DC5005C5D72 /* Delegate */,
				B21204AC1A4D4DA9005C5D72 /* Models */,
				B212046C1A48A552005C5D72 /* Images.xcassets */,
				B212046E1A48A552005C5D72 /* LaunchScreen.xib */,
				B21204A81A4D4D90005C5D72 /* SetupViewController.h */,
				B21204A91A4D4D90005C5D72 /* SetupViewController.m */,
				B21204B21A4D519C005C5D72 /* PlayerWordView.h */,
				B21204B31A4D519C005C5D72 /* PlayerWordView.m */,
				B21204BC1A4D5BB4005C5D72 /* PlayerWordFrontView.h */,
				B21204BD1A4D5BB4005C5D72 /* PlayerWordFrontView.m */,
				B21204B91A4D5652005C5D72 /* PlayerWordBackView.h */,
				B21204BA1A4D5652005C5D72 /* PlayerWordBackView.m */,
				B21204B51A4D51B8005C5D72 /* PlayerWordBackView.xib */,
				B21204881A48BD47005C5D72 /* GameViewController.h */,
				B21204891A48BD47005C5D72 /* GameViewController.m */,
				B21204911A48BE8B005C5D72 /* PlayerView.h */,
				B21204921A48BE8B005C5D72 /* PlayerView.m */,
				B21204941A48DA35005C5D72 /* PlayerView.xib */,
				B21204A11A4CCFE7005C5D72 /* PlayerCardBackView.h */,
				B21204A21A4CCFE7005C5D72 /* PlayerCardBackView.m */,
				B21204A41A4CD0F0005C5D72 /* PlayerCardBackView.xib */,
				B21204981A48DB93005C5D72 /* Images */,
				B212045F1A48A552005C5D72 /* Supporting Files */,
			);
			path = SpyWords;
			sourceTree = "<group>";
		};
		B212045F1A48A552005C5D72 /* Supporting Files */ = {
			isa = PBXGroup;
			children = (
				B21204601A48A552005C5D72 /* Info.plist */,
				B21204611A48A552005C5D72 /* main.m */,
			);
			name = "Supporting Files";
			sourceTree = "<group>";
		};
		B21204781A48A552005C5D72 /* SpyWordsTests */ = {
			isa = PBXGroup;
			children = (
				B212047B1A48A552005C5D72 /* SpyWordsTests.m */,
				B21204791A48A552005C5D72 /* Supporting Files */,
			);
			path = SpyWordsTests;
			sourceTree = "<group>";
		};
		B21204791A48A552005C5D72 /* Supporting Files */ = {
			isa = PBXGroup;
			children = (
				B212047A1A48A552005C5D72 /* Info.plist */,
			);
			name = "Supporting Files";
			sourceTree = "<group>";
		};
		B21204981A48DB93005C5D72 /* Images */ = {
			isa = PBXGroup;
			children = (
				B21204B71A4D5604005C5D72 /* bg.jpg */,
				B21204A61A4CD807005C5D72 /* innocent.png */,
				B212049F1A4CCF8D005C5D72 /* spy.jpg */,
				B21204961A48DB8C005C5D72 /* placeholder.png */,
			);
			name = Images;
			sourceTree = "<group>";
		};
		B21204AC1A4D4DA9005C5D72 /* Models */ = {
			isa = PBXGroup;
			children = (
				B21204851A48A67A005C5D72 /* Player.h */,
				B21204861A48A67A005C5D72 /* Player.m */,
			);
			name = Models;
			sourceTree = "<group>";
		};
		B21204AD1A4D4DC5005C5D72 /* Delegate */ = {
			isa = PBXGroup;
			children = (
				B21204631A48A552005C5D72 /* AppDelegate.h */,
				B21204641A48A552005C5D72 /* AppDelegate.m */,
			);
			name = Delegate;
			sourceTree = "<group>";
		};
		B21204AE1A4D50F5005C5D72 /* Layout */ = {
			isa = PBXGroup;
			children = (
				B21204AF1A4D510A005C5D72 /* StackedDeckLayout.h */,
				B21204B01A4D510A005C5D72 /* StackedDeckLayout.m */,
			);
			name = Layout;
			sourceTree = "<group>";
		};
/* End PBXGroup section */

/* Begin PBXNativeTarget section */
		B212045B1A48A552005C5D72 /* SpyWords */ = {
			isa = PBXNativeTarget;
			buildConfigurationList = B212047F1A48A552005C5D72 /* Build configuration list for PBXNativeTarget "SpyWords" */;
			buildPhases = (
				B21204581A48A552005C5D72 /* Sources */,
				B21204591A48A552005C5D72 /* Frameworks */,
				B212045A1A48A552005C5D72 /* Resources */,
			);
			buildRules = (
			);
			dependencies = (
			);
			name = SpyWords;
			productName = SpyWords;
			productReference = B212045C1A48A552005C5D72 /* SpyWords.app */;
			productType = "com.apple.product-type.application";
		};
		B21204741A48A552005C5D72 /* SpyWordsTests */ = {
			isa = PBXNativeTarget;
			buildConfigurationList = B21204821A48A552005C5D72 /* Build configuration list for PBXNativeTarget "SpyWordsTests" */;
			buildPhases = (
				B21204711A48A552005C5D72 /* Sources */,
				B21204721A48A552005C5D72 /* Frameworks */,
				B21204731A48A552005C5D72 /* Resources */,
			);
			buildRules = (
			);
			dependencies = (
				B21204771A48A552005C5D72 /* PBXTargetDependency */,
			);
			name = SpyWordsTests;
			productName = SpyWordsTests;
			productReference = B21204751A48A552005C5D72 /* SpyWordsTests.xctest */;
			productType = "com.apple.product-type.bundle.unit-test";
		};
/* End PBXNativeTarget section */

/* Begin PBXProject section */
		B21204541A48A552005C5D72 /* Project object */ = {
			isa = PBXProject;
			attributes = {
				LastUpgradeCheck = 0610;
				ORGANIZATIONNAME = spywords;
				TargetAttributes = {
					B212045B1A48A552005C5D72 = {
						CreatedOnToolsVersion = 6.1;
					};
					B21204741A48A552005C5D72 = {
						CreatedOnToolsVersion = 6.1;
						TestTargetID = B212045B1A48A552005C5D72;
					};
				};
			};
			buildConfigurationList = B21204571A48A552005C5D72 /* Build configuration list for PBXProject "SpyWords" */;
			compatibilityVersion = "Xcode 3.2";
			developmentRegion = English;
			hasScannedForEncodings = 0;
			knownRegions = (
				en,
				Base,
			);
			mainGroup = B21204531A48A552005C5D72;
			productRefGroup = B212045D1A48A552005C5D72 /* Products */;
			projectDirPath = "";
			projectRoot = "";
			targets = (
				B212045B1A48A552005C5D72 /* SpyWords */,
				B21204741A48A552005C5D72 /* SpyWordsTests */,
			);
		};
/* End PBXProject section */

/* Begin PBXResourcesBuildPhase section */
		B212045A1A48A552005C5D72 /* Resources */ = {
			isa = PBXResourcesBuildPhase;
			buildActionMask = 2147483647;
			files = (
				B21204701A48A552005C5D72 /* LaunchScreen.xib in Resources */,
				B21204B81A4D5604005C5D72 /* bg.jpg in Resources */,
				B21204971A48DB8C005C5D72 /* placeholder.png in Resources */,
				B21204A51A4CD0F0005C5D72 /* PlayerCardBackView.xib in Resources */,
				B21204A01A4CCF8D005C5D72 /* spy.jpg in Resources */,
				B21204A71A4CD807005C5D72 /* innocent.png in Resources */,
				B212046D1A48A552005C5D72 /* Images.xcassets in Resources */,
				B21204951A48DA35005C5D72 /* PlayerView.xib in Resources */,
				B21204B61A4D51B8005C5D72 /* PlayerWordBackView.xib in Resources */,
			);
			runOnlyForDeploymentPostprocessing = 0;
		};
		B21204731A48A552005C5D72 /* Resources */ = {
			isa = PBXResourcesBuildPhase;
			buildActionMask = 2147483647;
			files = (
			);
			runOnlyForDeploymentPostprocessing = 0;
		};
/* End PBXResourcesBuildPhase section */

/* Begin PBXSourcesBuildPhase section */
		B21204581A48A552005C5D72 /* Sources */ = {
			isa = PBXSourcesBuildPhase;
			buildActionMask = 2147483647;
			files = (
				B21204BE1A4D5BB4005C5D72 /* PlayerWordFrontView.m in Sources */,
				B21204B41A4D519C005C5D72 /* PlayerWordView.m in Sources */,
				B212048A1A48BD47005C5D72 /* GameViewController.m in Sources */,
				B21204871A48A67A005C5D72 /* Player.m in Sources */,
				B21204B11A4D510A005C5D72 /* StackedDeckLayout.m in Sources */,
				B21204BB1A4D5652005C5D72 /* PlayerWordBackView.m in Sources */,
				B21204AA1A4D4D90005C5D72 /* SetupViewController.m in Sources */,
				B21204651A48A552005C5D72 /* AppDelegate.m in Sources */,
				B21204621A48A552005C5D72 /* main.m in Sources */,
				B21204A31A4CCFE7005C5D72 /* PlayerCardBackView.m in Sources */,
				B21204931A48BE8B005C5D72 /* PlayerView.m in Sources */,
			);
			runOnlyForDeploymentPostprocessing = 0;
		};
		B21204711A48A552005C5D72 /* Sources */ = {
			isa = PBXSourcesBuildPhase;
			buildActionMask = 2147483647;
			files = (
				B212047C1A48A552005C5D72 /* SpyWordsTests.m in Sources */,
			);
			runOnlyForDeploymentPostprocessing = 0;
		};
/* End PBXSourcesBuildPhase section */

/* Begin PBXTargetDependency section */
		B21204771A48A552005C5D72 /* PBXTargetDependency */ = {
			isa = PBXTargetDependency;
			target = B212045B1A48A552005C5D72 /* SpyWords */;
			targetProxy = B21204761A48A552005C5D72 /* PBXContainerItemProxy */;
		};
/* End PBXTargetDependency section */

/* Begin PBXVariantGroup section */
		B212046E1A48A552005C5D72 /* LaunchScreen.xib */ = {
			isa = PBXVariantGroup;
			children = (
				B212046F1A48A552005C5D72 /* Base */,
			);
			name = LaunchScreen.xib;
			sourceTree = "<group>";
		};
/* End PBXVariantGroup section */

/* Begin XCBuildConfiguration section */
		B212047D1A48A552005C5D72 /* Debug */ = {
			isa = XCBuildConfiguration;
			buildSettings = {
				ALWAYS_SEARCH_USER_PATHS = NO;
				CLANG_CXX_LANGUAGE_STANDARD = "gnu++0x";
				CLANG_CXX_LIBRARY = "libc++";
				CLANG_ENABLE_MODULES = YES;
				CLANG_ENABLE_OBJC_ARC = YES;
				CLANG_WARN_BOOL_CONVERSION = YES;
				CLANG_WARN_CONSTANT_CONVERSION = YES;
				CLANG_WARN_DIRECT_OBJC_ISA_USAGE = YES_ERROR;
				CLANG_WARN_EMPTY_BODY = YES;
				CLANG_WARN_ENUM_CONVERSION = YES;
				CLANG_WARN_INT_CONVERSION = YES;
				CLANG_WARN_OBJC_ROOT_CLASS = YES_ERROR;
				CLANG_WARN_UNREACHABLE_CODE = YES;
				CLANG_WARN__DUPLICATE_METHOD_MATCH = YES;
				"CODE_SIGN_IDENTITY[sdk=iphoneos*]" = "iPhone Developer";
				COPY_PHASE_STRIP = NO;
				ENABLE_STRICT_OBJC_MSGSEND = YES;
				GCC_C_LANGUAGE_STANDARD = gnu99;
				GCC_DYNAMIC_NO_PIC = NO;
				GCC_OPTIMIZATION_LEVEL = 0;
				GCC_PREPROCESSOR_DEFINITIONS = (
					"DEBUG=1",
					"$(inherited)",
				);
				GCC_SYMBOLS_PRIVATE_EXTERN = NO;
				GCC_WARN_64_TO_32_BIT_CONVERSION = YES;
				GCC_WARN_ABOUT_RETURN_TYPE = YES_ERROR;
				GCC_WARN_UNDECLARED_SELECTOR = YES;
				GCC_WARN_UNINITIALIZED_AUTOS = YES_AGGRESSIVE;
				GCC_WARN_UNUSED_FUNCTION = YES;
				GCC_WARN_UNUSED_VARIABLE = YES;
				IPHONEOS_DEPLOYMENT_TARGET = 8.1;
				MTL_ENABLE_DEBUG_INFO = YES;
				ONLY_ACTIVE_ARCH = YES;
				SDKROOT = iphoneos;
			};
			name = Debug;
		};
		B212047E1A48A552005C5D72 /* Release */ = {
			isa = XCBuildConfiguration;
			buildSettings = {
				ALWAYS_SEARCH_USER_PATHS = NO;
				CLANG_CXX_LANGUAGE_STANDARD = "gnu++0x";
				CLANG_CXX_LIBRARY = "libc++";
				CLANG_ENABLE_MODULES = YES;
				CLANG_ENABLE_OBJC_ARC = YES;
				CLANG_WARN_BOOL_CONVERSION = YES;
				CLANG_WARN_CONSTANT_CONVERSION = YES;
				CLANG_WARN_DIRECT_OBJC_ISA_USAGE = YES_ERROR;
				CLANG_WARN_EMPTY_BODY = YES;
				CLANG_WARN_ENUM_CONVERSION = YES;
				CLANG_WARN_INT_CONVERSION = YES;
				CLANG_WARN_OBJC_ROOT_CLASS = YES_ERROR;
				CLANG_WARN_UNREACHABLE_CODE = YES;
				CLANG_WARN__DUPLICATE_METHOD_MATCH = YES;
				"CODE_SIGN_IDENTITY[sdk=iphoneos*]" = "iPhone Developer";
				COPY_PHASE_STRIP = YES;
				ENABLE_NS_ASSERTIONS = NO;
				ENABLE_STRICT_OBJC_MSGSEND = YES;
				GCC_C_LANGUAGE_STANDARD = gnu99;
				GCC_WARN_64_TO_32_BIT_CONVERSION = YES;
				GCC_WARN_ABOUT_RETURN_TYPE = YES_ERROR;
				GCC_WARN_UNDECLARED_SELECTOR = YES;
				GCC_WARN_UNINITIALIZED_AUTOS = YES_AGGRESSIVE;
				GCC_WARN_UNUSED_FUNCTION = YES;
				GCC_WARN_UNUSED_VARIABLE = YES;
				IPHONEOS_DEPLOYMENT_TARGET = 8.1;
				MTL_ENABLE_DEBUG_INFO = NO;
				SDKROOT = iphoneos;
				VALIDATE_PRODUCT = YES;
			};
			name = Release;
		};
		B21204801A48A552005C5D72 /* Debug */ = {
			isa = XCBuildConfiguration;
			buildSettings = {
				ASSETCATALOG_COMPILER_APPICON_NAME = AppIcon;
				INFOPLIST_FILE = SpyWords/Info.plist;
				LD_RUNPATH_SEARCH_PATHS = "$(inherited) @executable_path/Frameworks";
				PRODUCT_NAME = "$(TARGET_NAME)";
			};
			name = Debug;
		};
		B21204811A48A552005C5D72 /* Release */ = {
			isa = XCBuildConfiguration;
			buildSettings = {
				ASSETCATALOG_COMPILER_APPICON_NAME = AppIcon;
				INFOPLIST_FILE = SpyWords/Info.plist;
				LD_RUNPATH_SEARCH_PATHS = "$(inherited) @executable_path/Frameworks";
				PRODUCT_NAME = "$(TARGET_NAME)";
			};
			name = Release;
		};
		B21204831A48A552005C5D72 /* Debug */ = {
			isa = XCBuildConfiguration;
			buildSettings = {
				BUNDLE_LOADER = "$(TEST_HOST)";
				FRAMEWORK_SEARCH_PATHS = (
					"$(SDKROOT)/Developer/Library/Frameworks",
					"$(inherited)",
				);
				GCC_PREPROCESSOR_DEFINITIONS = (
					"DEBUG=1",
					"$(inherited)",
				);
				INFOPLIST_FILE = SpyWordsTests/Info.plist;
				LD_RUNPATH_SEARCH_PATHS = "$(inherited) @executable_path/Frameworks @loader_path/Frameworks";
				PRODUCT_NAME = "$(TARGET_NAME)";
				TEST_HOST = "$(BUILT_PRODUCTS_DIR)/SpyWords.app/SpyWords";
			};
			name = Debug;
		};
		B21204841A48A552005C5D72 /* Release */ = {
			isa = XCBuildConfiguration;
			buildSettings = {
				BUNDLE_LOADER = "$(TEST_HOST)";
				FRAMEWORK_SEARCH_PATHS = (
					"$(SDKROOT)/Developer/Library/Frameworks",
					"$(inherited)",
				);
				INFOPLIST_FILE = SpyWordsTests/Info.plist;
				LD_RUNPATH_SEARCH_PATHS = "$(inherited) @executable_path/Frameworks @loader_path/Frameworks";
				PRODUCT_NAME = "$(TARGET_NAME)";
				TEST_HOST = "$(BUILT_PRODUCTS_DIR)/SpyWords.app/SpyWords";
			};
			name = Release;
		};
/* End XCBuildConfiguration section */

/* Begin XCConfigurationList section */
		B21204571A48A552005C5D72 /* Build configuration list for PBXProject "SpyWords" */ = {
			isa = XCConfigurationList;
			buildConfigurations = (
				B212047D1A48A552005C5D72 /* Debug */,
				B212047E1A48A552005C5D72 /* Release */,
			);
			defaultConfigurationIsVisible = 0;
			defaultConfigurationName = Release;
		};
		B212047F1A48A552005C5D72 /* Build configuration list for PBXNativeTarget "SpyWords" */ = {
			isa = XCConfigurationList;
			buildConfigurations = (
				B21204801A48A552005C5D72 /* Debug */,
				B21204811A48A552005C5D72 /* Release */,
			);
			defaultConfigurationIsVisible = 0;
		};
		B21204821A48A552005C5D72 /* Build configuration list for PBXNativeTarget "SpyWordsTests" */ = {
			isa = XCConfigurationList;
			buildConfigurations = (
				B21204831A48A552005C5D72 /* Debug */,
				B21204841A48A552005C5D72 /* Release */,
			);
			defaultConfigurationIsVisible = 0;
		};
/* End XCConfigurationList section */
	};
	rootObject = B21204541A48A552005C5D72 /* Project object */;
}
